// !$*UTF8*$!
{
	archiveVersion = 1;
	classes = {
	};
	objectVersion = 56;
	objects = {

/* Begin PBXBuildFile section */
		22CD6E712989D0510012C308 /* M1nesweeperApp.swift in Sources */ = {isa = PBXBuildFile; fileRef = 22CD6E702989D0510012C308 /* M1nesweeperApp.swift */; };
		22CD6E732989D0510012C308 /* ContentView.swift in Sources */ = {isa = PBXBuildFile; fileRef = 22CD6E722989D0510012C308 /* ContentView.swift */; };
		22CD6E752989D0520012C308 /* Assets.xcassets in Resources */ = {isa = PBXBuildFile; fileRef = 22CD6E742989D0520012C308 /* Assets.xcassets */; };
		22CD6E782989D0520012C308 /* Preview Assets.xcassets in Resources */ = {isa = PBXBuildFile; fileRef = 22CD6E772989D0520012C308 /* Preview Assets.xcassets */; };
		22CD6E832989D0520012C308 /* M1nesweeperTests.swift in Sources */ = {isa = PBXBuildFile; fileRef = 22CD6E822989D0520012C308 /* M1nesweeperTests.swift */; };
		22CD6E8D2989D0520012C308 /* M1nesweeperUITests.swift in Sources */ = {isa = PBXBuildFile; fileRef = 22CD6E8C2989D0520012C308 /* M1nesweeperUITests.swift */; };
		22CD6E8F2989D0520012C308 /* M1nesweeperUITestsLaunchTests.swift in Sources */ = {isa = PBXBuildFile; fileRef = 22CD6E8E2989D0520012C308 /* M1nesweeperUITestsLaunchTests.swift */; };
/* End PBXBuildFile section */

/* Begin PBXContainerItemProxy section */
		22CD6E7F2989D0520012C308 /* PBXContainerItemProxy */ = {
			isa = PBXContainerItemProxy;
			containerPortal = 22CD6E652989D0510012C308 /* Project object */;
			proxyType = 1;
			remoteGlobalIDString = 22CD6E6C2989D0510012C308;
			remoteInfo = M1nesweeper;
		};
		22CD6E892989D0520012C308 /* PBXContainerItemProxy */ = {
			isa = PBXContainerItemProxy;
			containerPortal = 22CD6E652989D0510012C308 /* Project object */;
			proxyType = 1;
			remoteGlobalIDString = 22CD6E6C2989D0510012C308;
			remoteInfo = M1nesweeper;
		};
/* End PBXContainerItemProxy section */

/* Begin PBXFileReference section */
		22CD6E6D2989D0510012C308 /* M1nesweeper.app */ = {isa = PBXFileReference; explicitFileType = wrapper.application; includeInIndex = 0; path = M1nesweeper.app; sourceTree = BUILT_PRODUCTS_DIR; };
		22CD6E702989D0510012C308 /* M1nesweeperApp.swift */ = {isa = PBXFileReference; lastKnownFileType = sourcecode.swift; path = M1nesweeperApp.swift; sourceTree = "<group>"; };
		22CD6E722989D0510012C308 /* ContentView.swift */ = {isa = PBXFileReference; lastKnownFileType = sourcecode.swift; path = ContentView.swift; sourceTree = "<group>"; };
		22CD6E742989D0520012C308 /* Assets.xcassets */ = {isa = PBXFileReference; lastKnownFileType = folder.assetcatalog; path = Assets.xcassets; sourceTree = "<group>"; };
		22CD6E772989D0520012C308 /* Preview Assets.xcassets */ = {isa = PBXFileReference; lastKnownFileType = folder.assetcatalog; path = "Preview Assets.xcassets"; sourceTree = "<group>"; };
		22CD6E792989D0520012C308 /* M1nesweeper.entitlements */ = {isa = PBXFileReference; lastKnownFileType = text.plist.entitlements; path = M1nesweeper.entitlements; sourceTree = "<group>"; };
		22CD6E7E2989D0520012C308 /* M1nesweeperTests.xctest */ = {isa = PBXFileReference; explicitFileType = wrapper.cfbundle; includeInIndex = 0; path = M1nesweeperTests.xctest; sourceTree = BUILT_PRODUCTS_DIR; };
		22CD6E822989D0520012C308 /* M1nesweeperTests.swift */ = {isa = PBXFileReference; lastKnownFileType = sourcecode.swift; path = M1nesweeperTests.swift; sourceTree = "<group>"; };
		22CD6E882989D0520012C308 /* M1nesweeperUITests.xctest */ = {isa = PBXFileReference; explicitFileType = wrapper.cfbundle; includeInIndex = 0; path = M1nesweeperUITests.xctest; sourceTree = BUILT_PRODUCTS_DIR; };
		22CD6E8C2989D0520012C308 /* M1nesweeperUITests.swift */ = {isa = PBXFileReference; lastKnownFileType = sourcecode.swift; path = M1nesweeperUITests.swift; sourceTree = "<group>"; };
		22CD6E8E2989D0520012C308 /* M1nesweeperUITestsLaunchTests.swift */ = {isa = PBXFileReference; lastKnownFileType = sourcecode.swift; path = M1nesweeperUITestsLaunchTests.swift; sourceTree = "<group>"; };
/* End PBXFileReference section */

/* Begin PBXFrameworksBuildPhase section */
		22CD6E6A2989D0510012C308 /* Frameworks */ = {
			isa = PBXFrameworksBuildPhase;
			buildActionMask = 2147483647;
			files = (
			);
			runOnlyForDeploymentPostprocessing = 0;
		};
		22CD6E7B2989D0520012C308 /* Frameworks */ = {
			isa = PBXFrameworksBuildPhase;
			buildActionMask = 2147483647;
			files = (
			);
			runOnlyForDeploymentPostprocessing = 0;
		};
		22CD6E852989D0520012C308 /* Frameworks */ = {
			isa = PBXFrameworksBuildPhase;
			buildActionMask = 2147483647;
			files = (
			);
			runOnlyForDeploymentPostprocessing = 0;
		};
/* End PBXFrameworksBuildPhase section */

/* Begin PBXGroup section */
		22CD6E642989D0510012C308 = {
			isa = PBXGroup;
			children = (
				22CD6E6F2989D0510012C308 /* M1nesweeper */,
				22CD6E812989D0520012C308 /* M1nesweeperTests */,
				22CD6E8B2989D0520012C308 /* M1nesweeperUITests */,
				22CD6E6E2989D0510012C308 /* Products */,
			);
			sourceTree = "<group>";
		};
		22CD6E6E2989D0510012C308 /* Products */ = {
			isa = PBXGroup;
			children = (
				22CD6E6D2989D0510012C308 /* M1nesweeper.app */,
				22CD6E7E2989D0520012C308 /* M1nesweeperTests.xctest */,
				22CD6E882989D0520012C308 /* M1nesweeperUITests.xctest */,
			);
			name = Products;
			sourceTree = "<group>";
		};
		22CD6E6F2989D0510012C308 /* M1nesweeper */ = {
			isa = PBXGroup;
			children = (
				22CD6E702989D0510012C308 /* M1nesweeperApp.swift */,
				22CD6E722989D0510012C308 /* ContentView.swift */,
				22CD6E742989D0520012C308 /* Assets.xcassets */,
				22CD6E792989D0520012C308 /* M1nesweeper.entitlements */,
				22CD6E762989D0520012C308 /* Preview Content */,
			);
			path = M1nesweeper;
			sourceTree = "<group>";
		};
		22CD6E762989D0520012C308 /* Preview Content */ = {
			isa = PBXGroup;
			children = (
				22CD6E772989D0520012C308 /* Preview Assets.xcassets */,
			);
			path = "Preview Content";
			sourceTree = "<group>";
		};
		22CD6E812989D0520012C308 /* M1nesweeperTests */ = {
			isa = PBXGroup;
			children = (
				22CD6E822989D0520012C308 /* M1nesweeperTests.swift */,
			);
			path = M1nesweeperTests;
			sourceTree = "<group>";
		};
		22CD6E8B2989D0520012C308 /* M1nesweeperUITests */ = {
			isa = PBXGroup;
			children = (
				22CD6E8C2989D0520012C308 /* M1nesweeperUITests.swift */,
				22CD6E8E2989D0520012C308 /* M1nesweeperUITestsLaunchTests.swift */,
			);
			path = M1nesweeperUITests;
			sourceTree = "<group>";
		};
/* End PBXGroup section */

/* Begin PBXNativeTarget section */
		22CD6E6C2989D0510012C308 /* M1nesweeper */ = {
			isa = PBXNativeTarget;
			buildConfigurationList = 22CD6E922989D0520012C308 /* Build configuration list for PBXNativeTarget "M1nesweeper" */;
			buildPhases = (
				22CD6E692989D0510012C308 /* Sources */,
				22CD6E6A2989D0510012C308 /* Frameworks */,
				22CD6E6B2989D0510012C308 /* Resources */,
			);
			buildRules = (
			);
			dependencies = (
			);
			name = M1nesweeper;
			productName = M1nesweeper;
			productReference = 22CD6E6D2989D0510012C308 /* M1nesweeper.app */;
			productType = "com.apple.product-type.application";
		};
		22CD6E7D2989D0520012C308 /* M1nesweeperTests */ = {
			isa = PBXNativeTarget;
			buildConfigurationList = 22CD6E952989D0520012C308 /* Build configuration list for PBXNativeTarget "M1nesweeperTests" */;
			buildPhases = (
				22CD6E7A2989D0520012C308 /* Sources */,
				22CD6E7B2989D0520012C308 /* Frameworks */,
				22CD6E7C2989D0520012C308 /* Resources */,
			);
			buildRules = (
			);
			dependencies = (
				22CD6E802989D0520012C308 /* PBXTargetDependency */,
			);
			name = M1nesweeperTests;
			productName = M1nesweeperTests;
			productReference = 22CD6E7E2989D0520012C308 /* M1nesweeperTests.xctest */;
			productType = "com.apple.product-type.bundle.unit-test";
		};
		22CD6E872989D0520012C308 /* M1nesweeperUITests */ = {
			isa = PBXNativeTarget;
			buildConfigurationList = 22CD6E982989D0520012C308 /* Build configuration list for PBXNativeTarget "M1nesweeperUITests" */;
			buildPhases = (
				22CD6E842989D0520012C308 /* Sources */,
				22CD6E852989D0520012C308 /* Frameworks */,
				22CD6E862989D0520012C308 /* Resources */,
			);
			buildRules = (
			);
			dependencies = (
				22CD6E8A2989D0520012C308 /* PBXTargetDependency */,
			);
			name = M1nesweeperUITests;
			productName = M1nesweeperUITests;
			productReference = 22CD6E882989D0520012C308 /* M1nesweeperUITests.xctest */;
			productType = "com.apple.product-type.bundle.ui-testing";
		};
/* End PBXNativeTarget section */

/* Begin PBXProject section */
		22CD6E652989D0510012C308 /* Project object */ = {
			isa = PBXProject;
			attributes = {
				BuildIndependentTargetsInParallel = 1;
				LastSwiftUpdateCheck = 1410;
				LastUpgradeCheck = 1410;
				TargetAttributes = {
					22CD6E6C2989D0510012C308 = {
						CreatedOnToolsVersion = 14.1;
					};
					22CD6E7D2989D0520012C308 = {
						CreatedOnToolsVersion = 14.1;
						TestTargetID = 22CD6E6C2989D0510012C308;
					};
					22CD6E872989D0520012C308 = {
						CreatedOnToolsVersion = 14.1;
						TestTargetID = 22CD6E6C2989D0510012C308;
					};
				};
			};
			buildConfigurationList = 22CD6E682989D0510012C308 /* Build configuration list for PBXProject "M1nesweeper" */;
			compatibilityVersion = "Xcode 14.0";
			developmentRegion = en;
			hasScannedForEncodings = 0;
			knownRegions = (
				en,
				Base,
			);
			mainGroup = 22CD6E642989D0510012C308;
			productRefGroup = 22CD6E6E2989D0510012C308 /* Products */;
			projectDirPath = "";
			projectRoot = "";
			targets = (
				22CD6E6C2989D0510012C308 /* M1nesweeper */,
				22CD6E7D2989D0520012C308 /* M1nesweeperTests */,
				22CD6E872989D0520012C308 /* M1nesweeperUITests */,
			);
		};
/* End PBXProject section */

/* Begin PBXResourcesBuildPhase section */
		22CD6E6B2989D0510012C308 /* Resources */ = {
			isa = PBXResourcesBuildPhase;
			buildActionMask = 2147483647;
			files = (
				22CD6E782989D0520012C308 /* Preview Assets.xcassets in Resources */,
				22CD6E752989D0520012C308 /* Assets.xcassets in Resources */,
			);
			runOnlyForDeploymentPostprocessing = 0;
		};
		22CD6E7C2989D0520012C308 /* Resources */ = {
			isa = PBXResourcesBuildPhase;
			buildActionMask = 2147483647;
			files = (
			);
			runOnlyForDeploymentPostprocessing = 0;
		};
		22CD6E862989D0520012C308 /* Resources */ = {
			isa = PBXResourcesBuildPhase;
			buildActionMask = 2147483647;
			files = (
			);
			runOnlyForDeploymentPostprocessing = 0;
		};
/* End PBXResourcesBuildPhase section */

/* Begin PBXSourcesBuildPhase section */
		22CD6E692989D0510012C308 /* Sources */ = {
			isa = PBXSourcesBuildPhase;
			buildActionMask = 2147483647;
			files = (
				22CD6E732989D0510012C308 /* ContentView.swift in Sources */,
				22CD6E712989D0510012C308 /* M1nesweeperApp.swift in Sources */,
			);
			runOnlyForDeploymentPostprocessing = 0;
		};
		22CD6E7A2989D0520012C308 /* Sources */ = {
			isa = PBXSourcesBuildPhase;
			buildActionMask = 2147483647;
			files = (
				22CD6E832989D0520012C308 /* M1nesweeperTests.swift in Sources */,
			);
			runOnlyForDeploymentPostprocessing = 0;
		};
		22CD6E842989D0520012C308 /* Sources */ = {
			isa = PBXSourcesBuildPhase;
			buildActionMask = 2147483647;
			files = (
				22CD6E8D2989D0520012C308 /* M1nesweeperUITests.swift in Sources */,
				22CD6E8F2989D0520012C308 /* M1nesweeperUITestsLaunchTests.swift in Sources */,
			);
			runOnlyForDeploymentPostprocessing = 0;
		};
/* End PBXSourcesBuildPhase section */

/* Begin PBXTargetDependency section */
		22CD6E802989D0520012C308 /* PBXTargetDependency */ = {
			isa = PBXTargetDependency;
			target = 22CD6E6C2989D0510012C308 /* M1nesweeper */;
			targetProxy = 22CD6E7F2989D0520012C308 /* PBXContainerItemProxy */;
		};
		22CD6E8A2989D0520012C308 /* PBXTargetDependency */ = {
			isa = PBXTargetDependency;
			target = 22CD6E6C2989D0510012C308 /* M1nesweeper */;
			targetProxy = 22CD6E892989D0520012C308 /* PBXContainerItemProxy */;
		};
/* End PBXTargetDependency section */

/* Begin XCBuildConfiguration section */
		22CD6E902989D0520012C308 /* Debug */ = {
			isa = XCBuildConfiguration;
			buildSettings = {
				ALWAYS_SEARCH_USER_PATHS = NO;
				CLANG_ANALYZER_NONNULL = YES;
				CLANG_ANALYZER_NUMBER_OBJECT_CONVERSION = YES_AGGRESSIVE;
				CLANG_CXX_LANGUAGE_STANDARD = "gnu++20";
				CLANG_ENABLE_MODULES = YES;
				CLANG_ENABLE_OBJC_ARC = YES;
				CLANG_ENABLE_OBJC_WEAK = YES;
				CLANG_WARN_BLOCK_CAPTURE_AUTORELEASING = YES;
				CLANG_WARN_BOOL_CONVERSION = YES;
				CLANG_WARN_COMMA = YES;
				CLANG_WARN_CONSTANT_CONVERSION = YES;
				CLANG_WARN_DEPRECATED_OBJC_IMPLEMENTATIONS = YES;
				CLANG_WARN_DIRECT_OBJC_ISA_USAGE = YES_ERROR;
				CLANG_WARN_DOCUMENTATION_COMMENTS = YES;
				CLANG_WARN_EMPTY_BODY = YES;
				CLANG_WARN_ENUM_CONVERSION = YES;
				CLANG_WARN_INFINITE_RECURSION = YES;
				CLANG_WARN_INT_CONVERSION = YES;
				CLANG_WARN_NON_LITERAL_NULL_CONVERSION = YES;
				CLANG_WARN_OBJC_IMPLICIT_RETAIN_SELF = YES;
				CLANG_WARN_OBJC_LITERAL_CONVERSION = YES;
				CLANG_WARN_OBJC_ROOT_CLASS = YES_ERROR;
				CLANG_WARN_QUOTED_INCLUDE_IN_FRAMEWORK_HEADER = YES;
				CLANG_WARN_RANGE_LOOP_ANALYSIS = YES;
				CLANG_WARN_STRICT_PROTOTYPES = YES;
				CLANG_WARN_SUSPICIOUS_MOVE = YES;
				CLANG_WARN_UNGUARDED_AVAILABILITY = YES_AGGRESSIVE;
				CLANG_WARN_UNREACHABLE_CODE = YES;
				CLANG_WARN__DUPLICATE_METHOD_MATCH = YES;
				COPY_PHASE_STRIP = NO;
				DEBUG_INFORMATION_FORMAT = dwarf;
				ENABLE_STRICT_OBJC_MSGSEND = YES;
				ENABLE_TESTABILITY = YES;
				GCC_C_LANGUAGE_STANDARD = gnu11;
				GCC_DYNAMIC_NO_PIC = NO;
				GCC_NO_COMMON_BLOCKS = YES;
				GCC_OPTIMIZATION_LEVEL = 0;
				GCC_PREPROCESSOR_DEFINITIONS = (
					"DEBUG=1",
					"$(inherited)",
				);
				GCC_WARN_64_TO_32_BIT_CONVERSION = YES;
				GCC_WARN_ABOUT_RETURN_TYPE = YES_ERROR;
				GCC_WARN_UNDECLARED_SELECTOR = YES;
				GCC_WARN_UNINITIALIZED_AUTOS = YES_AGGRESSIVE;
				GCC_WARN_UNUSED_FUNCTION = YES;
				GCC_WARN_UNUSED_VARIABLE = YES;
				MACOSX_DEPLOYMENT_TARGET = 13.0;
				MTL_ENABLE_DEBUG_INFO = INCLUDE_SOURCE;
				MTL_FAST_MATH = YES;
				ONLY_ACTIVE_ARCH = YES;
				SDKROOT = macosx;
				SWIFT_ACTIVE_COMPILATION_CONDITIONS = DEBUG;
				SWIFT_OPTIMIZATION_LEVEL = "-Onone";
			};
			name = Debug;
		};
		22CD6E912989D0520012C308 /* Release */ = {
			isa = XCBuildConfiguration;
			buildSettings = {
				ALWAYS_SEARCH_USER_PATHS = NO;
				CLANG_ANALYZER_NONNULL = YES;
				CLANG_ANALYZER_NUMBER_OBJECT_CONVERSION = YES_AGGRESSIVE;
				CLANG_CXX_LANGUAGE_STANDARD = "gnu++20";
				CLANG_ENABLE_MODULES = YES;
				CLANG_ENABLE_OBJC_ARC = YES;
				CLANG_ENABLE_OBJC_WEAK = YES;
				CLANG_WARN_BLOCK_CAPTURE_AUTORELEASING = YES;
				CLANG_WARN_BOOL_CONVERSION = YES;
				CLANG_WARN_COMMA = YES;
				CLANG_WARN_CONSTANT_CONVERSION = YES;
				CLANG_WARN_DEPRECATED_OBJC_IMPLEMENTATIONS = YES;
				CLANG_WARN_DIRECT_OBJC_ISA_USAGE = YES_ERROR;
				CLANG_WARN_DOCUMENTATION_COMMENTS = YES;
				CLANG_WARN_EMPTY_BODY = YES;
				CLANG_WARN_ENUM_CONVERSION = YES;
				CLANG_WARN_INFINITE_RECURSION = YES;
				CLANG_WARN_INT_CONVERSION = YES;
				CLANG_WARN_NON_LITERAL_NULL_CONVERSION = YES;
				CLANG_WARN_OBJC_IMPLICIT_RETAIN_SELF = YES;
				CLANG_WARN_OBJC_LITERAL_CONVERSION = YES;
				CLANG_WARN_OBJC_ROOT_CLASS = YES_ERROR;
				CLANG_WARN_QUOTED_INCLUDE_IN_FRAMEWORK_HEADER = YES;
				CLANG_WARN_RANGE_LOOP_ANALYSIS = YES;
				CLANG_WARN_STRICT_PROTOTYPES = YES;
				CLANG_WARN_SUSPICIOUS_MOVE = YES;
				CLANG_WARN_UNGUARDED_AVAILABILITY = YES_AGGRESSIVE;
				CLANG_WARN_UNREACHABLE_CODE = YES;
				CLANG_WARN__DUPLICATE_METHOD_MATCH = YES;
				COPY_PHASE_STRIP = NO;
				DEBUG_INFORMATION_FORMAT = "dwarf-with-dsym";
				ENABLE_NS_ASSERTIONS = NO;
				ENABLE_STRICT_OBJC_MSGSEND = YES;
				GCC_C_LANGUAGE_STANDARD = gnu11;
				GCC_NO_COMMON_BLOCKS = YES;
				GCC_WARN_64_TO_32_BIT_CONVERSION = YES;
				GCC_WARN_ABOUT_RETURN_TYPE = YES_ERROR;
				GCC_WARN_UNDECLARED_SELECTOR = YES;
				GCC_WARN_UNINITIALIZED_AUTOS = YES_AGGRESSIVE;
				GCC_WARN_UNUSED_FUNCTION = YES;
				GCC_WARN_UNUSED_VARIABLE = YES;
				MACOSX_DEPLOYMENT_TARGET = 13.0;
				MTL_ENABLE_DEBUG_INFO = NO;
				MTL_FAST_MATH = YES;
				SDKROOT = macosx;
				SWIFT_COMPILATION_MODE = wholemodule;
				SWIFT_OPTIMIZATION_LEVEL = "-O";
			};
			name = Release;
		};
		22CD6E932989D0520012C308 /* Debug */ = {
			isa = XCBuildConfiguration;
			buildSettings = {
				ASSETCATALOG_COMPILER_APPICON_NAME = AppIcon;
				ASSETCATALOG_COMPILER_GLOBAL_ACCENT_COLOR_NAME = AccentColor;
				CODE_SIGN_ENTITLEMENTS = M1nesweeper/M1nesweeper.entitlements;
				CODE_SIGN_STYLE = Automatic;
				COMBINE_HIDPI_IMAGES = YES;
				CURRENT_PROJECT_VERSION = 1;
				DEVELOPMENT_ASSET_PATHS = "\"M1nesweeper/Preview Content\"";
				DEVELOPMENT_TEAM = XMG92D8835;
				ENABLE_HARDENED_RUNTIME = YES;
				ENABLE_PREVIEWS = YES;
				GENERATE_INFOPLIST_FILE = YES;
				INFOPLIST_KEY_NSHumanReadableCopyright = "";
				LD_RUNPATH_SEARCH_PATHS = (
					"$(inherited)",
					"@executable_path/../Frameworks",
				);
				MARKETING_VERSION = 1.0;
				PRODUCT_BUNDLE_IDENTIFIER = proninyash.M1nesweeper;
				PRODUCT_NAME = "$(TARGET_NAME)";
				SWIFT_EMIT_LOC_STRINGS = YES;
				SWIFT_VERSION = 5.0;
			};
			name = Debug;
		};
		22CD6E942989D0520012C308 /* Release */ = {
			isa = XCBuildConfiguration;
			buildSettings = {
				ASSETCATALOG_COMPILER_APPICON_NAME = AppIcon;
				ASSETCATALOG_COMPILER_GLOBAL_ACCENT_COLOR_NAME = AccentColor;
				CODE_SIGN_ENTITLEMENTS = M1nesweeper/M1nesweeper.entitlements;
				CODE_SIGN_STYLE = Automatic;
				COMBINE_HIDPI_IMAGES = YES;
				CURRENT_PROJECT_VERSION = 1;
				DEVELOPMENT_ASSET_PATHS = "\"M1nesweeper/Preview Content\"";
				DEVELOPMENT_TEAM = XMG92D8835;
				ENABLE_HARDENED_RUNTIME = YES;
				ENABLE_PREVIEWS = YES;
				GENERATE_INFOPLIST_FILE = YES;
				INFOPLIST_KEY_NSHumanReadableCopyright = "";
				LD_RUNPATH_SEARCH_PATHS = (
					"$(inherited)",
					"@executable_path/../Frameworks",
				);
				MARKETING_VERSION = 1.0;
				PRODUCT_BUNDLE_IDENTIFIER = proninyash.M1nesweeper;
				PRODUCT_NAME = "$(TARGET_NAME)";
				SWIFT_EMIT_LOC_STRINGS = YES;
				SWIFT_VERSION = 5.0;
			};
			name = Release;
		};
		22CD6E962989D0520012C308 /* Debug */ = {
			isa = XCBuildConfiguration;
			buildSettings = {
				ALWAYS_EMBED_SWIFT_STANDARD_LIBRARIES = YES;
				BUNDLE_LOADER = "$(TEST_HOST)";
				CODE_SIGN_STYLE = Automatic;
				CURRENT_PROJECT_VERSION = 1;
				DEVELOPMENT_TEAM = XMG92D8835;
				GENERATE_INFOPLIST_FILE = YES;
				MACOSX_DEPLOYMENT_TARGET = 13.0;
				MARKETING_VERSION = 1.0;
				PRODUCT_BUNDLE_IDENTIFIER = proninyash.M1nesweeperTests;
				PRODUCT_NAME = "$(TARGET_NAME)";
				SWIFT_EMIT_LOC_STRINGS = NO;
				SWIFT_VERSION = 5.0;
				TEST_HOST = "$(BUILT_PRODUCTS_DIR)/M1nesweeper.app/$(BUNDLE_EXECUTABLE_FOLDER_PATH)/M1nesweeper";
			};
			name = Debug;
		};
		22CD6E972989D0520012C308 /* Release */ = {
			isa = XCBuildConfiguration;
			buildSettings = {
				ALWAYS_EMBED_SWIFT_STANDARD_LIBRARIES = YES;
				BUNDLE_LOADER = "$(TEST_HOST)";
				CODE_SIGN_STYLE = Automatic;
				CURRENT_PROJECT_VERSION = 1;
				DEVELOPMENT_TEAM = XMG92D8835;
				GENERATE_INFOPLIST_FILE = YES;
				MACOSX_DEPLOYMENT_TARGET = 13.0;
				MARKETING_VERSION = 1.0;
				PRODUCT_BUNDLE_IDENTIFIER = proninyash.M1nesweeperTests;
				PRODUCT_NAME = "$(TARGET_NAME)";
				SWIFT_EMIT_LOC_STRINGS = NO;
				SWIFT_VERSION = 5.0;
				TEST_HOST = "$(BUILT_PRODUCTS_DIR)/M1nesweeper.app/$(BUNDLE_EXECUTABLE_FOLDER_PATH)/M1nesweeper";
			};
			name = Release;
		};
		22CD6E992989D0520012C308 /* Debug */ = {
			isa = XCBuildConfiguration;
			buildSettings = {
				ALWAYS_EMBED_SWIFT_STANDARD_LIBRARIES = YES;
				CODE_SIGN_STYLE = Automatic;
				CURRENT_PROJECT_VERSION = 1;
				DEVELOPMENT_TEAM = XMG92D8835;
				GENERATE_INFOPLIST_FILE = YES;
				MARKETING_VERSION = 1.0;
				PRODUCT_BUNDLE_IDENTIFIER = proninyash.M1nesweeperUITests;
				PRODUCT_NAME = "$(TARGET_NAME)";
				SWIFT_EMIT_LOC_STRINGS = NO;
				SWIFT_VERSION = 5.0;
				TEST_TARGET_NAME = M1nesweeper;
			};
			name = Debug;
		};
		22CD6E9A2989D0520012C308 /* Release */ = {
			isa = XCBuildConfiguration;
			buildSettings = {
				ALWAYS_EMBED_SWIFT_STANDARD_LIBRARIES = YES;
				CODE_SIGN_STYLE = Automatic;
				CURRENT_PROJECT_VERSION = 1;
				DEVELOPMENT_TEAM = XMG92D8835;
				GENERATE_INFOPLIST_FILE = YES;
				MARKETING_VERSION = 1.0;
				PRODUCT_BUNDLE_IDENTIFIER = proninyash.M1nesweeperUITests;
				PRODUCT_NAME = "$(TARGET_NAME)";
				SWIFT_EMIT_LOC_STRINGS = NO;
				SWIFT_VERSION = 5.0;
				TEST_TARGET_NAME = M1nesweeper;
			};
			name = Release;
		};
/* End XCBuildConfiguration section */

/* Begin XCConfigurationList section */
		22CD6E682989D0510012C308 /* Build configuration list for PBXProject "M1nesweeper" */ = {
			isa = XCConfigurationList;
			buildConfigurations = (
				22CD6E902989D0520012C308 /* Debug */,
				22CD6E912989D0520012C308 /* Release */,
			);
			defaultConfigurationIsVisible = 0;
			defaultConfigurationName = Release;
		};
		22CD6E922989D0520012C308 /* Build configuration list for PBXNativeTarget "M1nesweeper" */ = {
			isa = XCConfigurationList;
			buildConfigurations = (
				22CD6E932989D0520012C308 /* Debug */,
				22CD6E942989D0520012C308 /* Release */,
			);
			defaultConfigurationIsVisible = 0;
			defaultConfigurationName = Release;
		};
		22CD6E952989D0520012C308 /* Build configuration list for PBXNativeTarget "M1nesweeperTests" */ = {
			isa = XCConfigurationList;
			buildConfigurations = (
				22CD6E962989D0520012C308 /* Debug */,
				22CD6E972989D0520012C308 /* Release */,
			);
			defaultConfigurationIsVisible = 0;
			defaultConfigurationName = Release;
		};
		22CD6E982989D0520012C308 /* Build configuration list for PBXNativeTarget "M1nesweeperUITests" */ = {
			isa = XCConfigurationList;
			buildConfigurations = (
				22CD6E992989D0520012C308 /* Debug */,
				22CD6E9A2989D0520012C308 /* Release */,
			);
			defaultConfigurationIsVisible = 0;
			defaultConfigurationName = Release;
		};
/* End XCConfigurationList section */
	};
	rootObject = 22CD6E652989D0510012C308 /* Project object */;
}
